
Microsoft Visual Studio Solution File, Format Version 12.00
# Visual Studio 14
VisualStudioVersion = 14.0.25420.1
MinimumVisualStudioVersion = 10.0.40219.1
Project("{FAE04EC0-301F-11D3-BF4B-00C04F79EFBC}") = "Serveur", "Serveur\Serveur.csproj", "{91FE8717-F72A-48F3-B991-FFA3CDAE8B94}"
EndProject
Project("{FAE04EC0-301F-11D3-BF4B-00C04F79EFBC}") = "Client", "Client\Client.csproj", "{A6D212DE-FDF2-486E-97C7-81B1061756B1}"
EndProject
Project("{FAE04EC0-301F-11D3-BF4B-00C04F79EFBC}") = "ServeurData", "ServeurData\ServeurData.csproj", "{1B479319-7858-471A-A6B5-A06CDE9849FC}"
EndProject
Global
	GlobalSection(SolutionConfigurationPlatforms) = preSolution
		Debug|Any CPU = Debug|Any CPU
		Release|Any CPU = Release|Any CPU
	EndGlobalSection
	GlobalSection(ProjectConfigurationPlatforms) = postSolution
		{91FE8717-F72A-48F3-B991-FFA3CDAE8B94}.Debug|Any CPU.ActiveCfg = Debug|Any CPU
		{91FE8717-F72A-48F3-B991-FFA3CDAE8B94}.Debug|Any CPU.Build.0 = Debug|Any CPU
		{91FE8717-F72A-48F3-B991-FFA3CDAE8B94}.Release|Any CPU.ActiveCfg = Release|Any CPU
		{91FE8717-F72A-48F3-B991-FFA3CDAE8B94}.Release|Any CPU.Build.0 = Release|Any CPU
		{A6D212DE-FDF2-486E-97C7-81B1061756B1}.Debug|Any CPU.ActiveCfg = Debug|Any CPU
		{A6D212DE-FDF2-486E-97C7-81B1061756B1}.Debug|Any CPU.Build.0 = Debug|Any CPU
		{A6D212DE-FDF2-486E-97C7-81B1061756B1}.Release|Any CPU.ActiveCfg = Release|Any CPU
		{A6D212DE-FDF2-486E-97C7-81B1061756B1}.Release|Any CPU.Build.0 = Release|Any CPU
		{1B479319-7858-471A-A6B5-A06CDE9849FC}.Debug|Any CPU.ActiveCfg = Debug|Any CPU
		{1B479319-7858-471A-A6B5-A06CDE9849FC}.Debug|Any CPU.Build.0 = Debug|Any CPU
		{1B479319-7858-471A-A6B5-A06CDE9849FC}.Release|Any CPU.ActiveCfg = Release|Any CPU
		{1B479319-7858-471A-A6B5-A06CDE9849FC}.Release|Any CPU.Build.0 = Release|Any CPU
	EndGlobalSection
	GlobalSection(SolutionProperties) = preSolution
		HideSolutionNode = FALSE
	EndGlobalSection
EndGlobal
